
Microsoft Visual Studio Solution File, Format Version 12.00
# Visual Studio Version 17
VisualStudioVersion = 17.10.34916.146
MinimumVisualStudioVersion = 10.0.40219.1
Project("{9A19103F-16F7-4668-BE54-9A1E7A4F7556}") = "Library.Domain", "Library.Domain\Library.Domain.csproj", "{9605AA13-CCED-43A0-A364-2CB5AC911063}"
EndProject
Project("{9A19103F-16F7-4668-BE54-9A1E7A4F7556}") = "Library.infrastructure", "Library.infrastructure\Library.infrastructure.csproj", "{D1346A93-E7D5-48EE-B7D7-BB7B33343723}"
EndProject
Project("{9A19103F-16F7-4668-BE54-9A1E7A4F7556}") = "LibraryMVC", "LibraryMVC\LibraryMVC.csproj", "{409421A4-ED37-4F1A-BD96-1B5D0256CE09}"
EndProject
Global
	GlobalSection(SolutionConfigurationPlatforms) = preSolution
		Debug|Any CPU = Debug|Any CPU
		Release|Any CPU = Release|Any CPU
	EndGlobalSection
	GlobalSection(ProjectConfigurationPlatforms) = postSolution
		{9605AA13-CCED-43A0-A364-2CB5AC911063}.Debug|Any CPU.ActiveCfg = Debug|Any CPU
		{9605AA13-CCED-43A0-A364-2CB5AC911063}.Debug|Any CPU.Build.0 = Debug|Any CPU
		{9605AA13-CCED-43A0-A364-2CB5AC911063}.Release|Any CPU.ActiveCfg = Release|Any CPU
		{9605AA13-CCED-43A0-A364-2CB5AC911063}.Release|Any CPU.Build.0 = Release|Any CPU
		{D1346A93-E7D5-48EE-B7D7-BB7B33343723}.Debug|Any CPU.ActiveCfg = Debug|Any CPU
		{D1346A93-E7D5-48EE-B7D7-BB7B33343723}.Debug|Any CPU.Build.0 = Debug|Any CPU
		{D1346A93-E7D5-48EE-B7D7-BB7B33343723}.Release|Any CPU.ActiveCfg = Release|Any CPU
		{D1346A93-E7D5-48EE-B7D7-BB7B33343723}.Release|Any CPU.Build.0 = Release|Any CPU
		{409421A4-ED37-4F1A-BD96-1B5D0256CE09}.Debug|Any CPU.ActiveCfg = Debug|Any CPU
		{409421A4-ED37-4F1A-BD96-1B5D0256CE09}.Debug|Any CPU.Build.0 = Debug|Any CPU
		{409421A4-ED37-4F1A-BD96-1B5D0256CE09}.Release|Any CPU.ActiveCfg = Release|Any CPU
		{409421A4-ED37-4F1A-BD96-1B5D0256CE09}.Release|Any CPU.Build.0 = Release|Any CPU
	EndGlobalSection
	GlobalSection(SolutionProperties) = preSolution
		HideSolutionNode = FALSE
	EndGlobalSection
	GlobalSection(ExtensibilityGlobals) = postSolution
		SolutionGuid = {58F6F834-B07B-4975-8C2B-025C4B85E8D0}
	EndGlobalSection
EndGlobal
